<?xml version="1.0" encoding="utf-8"?>
<Project ToolsVersion="4.0" xmlns="http://schemas.microsoft.com/developer/msbuild/2003">
  <ItemGroup>
    <Filter Include="Source Files">
      <UniqueIdentifier>{4FC737F1-C7A5-4376-A066-2A32D752A2FF}</UniqueIdentifier>
      <Extensions>cpp;c;cc;cxx;c++;cppm;ixx;def;odl;idl;hpj;bat;asm;asmx</Extensions>
    </Filter>
    <Filter Include="Header Files">
      <UniqueIdentifier>{93995380-89BD-4b04-88EB-625FBE52EBFB}</UniqueIdentifier>
      <Extensions>h;hh;hpp;hxx;h++;hm;inl;inc;ipp;xsd</Extensions>
    </Filter>
    <Filter Include="Resource Files">
      <UniqueIdentifier>{67DA6AB6-F800-4c08-8B7A-83BB121AAD01}</UniqueIdentifier>
      <Extensions>rc;ico;cur;bmp;dlg;rc2;rct;bin;rgs;gif;jpg;jpeg;jpe;resx;tiff;tif;png;wav;mfcribbon-ms</Extensions>
    </Filter>
    <Filter Include="Header Files\Concepts">
      <UniqueIdentifier>{f815787b-1bd6-4519-9d0c-3c0974424551}</UniqueIdentifier>
    </Filter>
    <Filter Include="Header Files\AST">
      <UniqueIdentifier>{c0b3e8dc-0475-4455-9245-449eb0ea5c44}</UniqueIdentifier>
    </Filter>
    <Filter Include="Examples">
      <UniqueIdentifier>{08006f77-a7f0-4959-b1e4-37bc45b2f263}</UniqueIdentifier>
    </Filter>
  </ItemGroup>
  <ItemGroup>
    <ClInclude Include="include\Error.h">
      <Filter>Header Files</Filter>
    </ClInclude>
    <ClInclude Include="include\ErrorQueue.h">
      <Filter>Header Files</Filter>
    </ClInclude>
    <ClInclude Include="include\Lexer.h">
      <Filter>Header Files</Filter>
    </ClInclude>
    <ClInclude Include="include\LLVM.h">
      <Filter>Header Files</Filter>
    </ClInclude>
    <ClInclude Include="include\LLVMBuilder.h">
      <Filter>Header Files</Filter>
    </ClInclude>
    <ClInclude Include="include\Parser.h">
      <Filter>Header Files</Filter>
    </ClInclude>
    <ClInclude Include="include\Program.h">
      <Filter>Header Files</Filter>
    </ClInclude>
    <ClInclude Include="include\SemanticAnalyzer.h">
      <Filter>Header Files</Filter>
    </ClInclude>
    <ClInclude Include="include\SourceFile.h">
      <Filter>Header Files</Filter>
    </ClInclude>
    <ClInclude Include="include\SourceLocation.h">
      <Filter>Header Files</Filter>
    </ClInclude>
    <ClInclude Include="include\SourceManager.h">
      <Filter>Header Files</Filter>
    </ClInclude>
    <ClInclude Include="include\SourceRange.h">
      <Filter>Header Files</Filter>
    </ClInclude>
    <ClInclude Include="include\SymbolTable.h">
      <Filter>Header Files</Filter>
    </ClInclude>
    <ClInclude Include="include\TypeChecker.h">
      <Filter>Header Files</Filter>
    </ClInclude>
    <ClInclude Include="include\ASTNode.h">
      <Filter>Header Files\AST</Filter>
    </ClInclude>
    <ClInclude Include="include\ASTPrinter.h">
      <Filter>Header Files\AST</Filter>
    </ClInclude>
    <ClInclude Include="include\Expressions.h">
      <Filter>Header Files\AST</Filter>
    </ClInclude>
    <ClInclude Include="include\ExpressionVisitor.h">
      <Filter>Header Files\AST</Filter>
    </ClInclude>
    <ClInclude Include="include\Keyword.h">
      <Filter>Header Files\Concepts</Filter>
    </ClInclude>
    <ClInclude Include="include\Operator.h">
      <Filter>Header Files\Concepts</Filter>
    </ClInclude>
    <ClInclude Include="include\OperatorFunctions.h">
      <Filter>Header Files\Concepts</Filter>
    </ClInclude>
    <ClInclude Include="include\OperatorHelpers.h">
      <Filter>Header Files\Concepts</Filter>
    </ClInclude>
    <ClInclude Include="include\Token.h">
      <Filter>Header Files\Concepts</Filter>
    </ClInclude>
    <ClInclude Include="include\Type.h">
      <Filter>Header Files\Concepts</Filter>
    </ClInclude>
    <ClInclude Include="include\Value.h">
      <Filter>Header Files\Concepts</Filter>
    </ClInclude>
    <ClInclude Include="include\Symbol.h">
      <Filter>Header Files\AST</Filter>
    </ClInclude>
  </ItemGroup>
  <ItemGroup>
    <ClCompile Include="src\ASTPrinter.cpp">
      <Filter>Source Files</Filter>
    </ClCompile>
    <ClCompile Include="src\ErrorQueue.cpp">
      <Filter>Source Files</Filter>
    </ClCompile>
    <ClCompile Include="src\Lexer.cpp">
      <Filter>Source Files</Filter>
    </ClCompile>
    <ClCompile Include="src\LLVMBuilder.cpp">
      <Filter>Source Files</Filter>
    </ClCompile>
    <ClCompile Include="src\main.cpp">
      <Filter>Source Files</Filter>
    </ClCompile>
    <ClCompile Include="src\Parser.cpp">
      <Filter>Source Files</Filter>
    </ClCompile>
    <ClCompile Include="src\Program.cpp">
      <Filter>Source Files</Filter>
    </ClCompile>
    <ClCompile Include="src\SemanticAnalyzer.cpp">
      <Filter>Source Files</Filter>
    </ClCompile>
    <ClCompile Include="src\SourceLocation.cpp">
      <Filter>Source Files</Filter>
    </ClCompile>
    <ClCompile Include="src\SourceManager.cpp">
      <Filter>Source Files</Filter>
    </ClCompile>
    <ClCompile Include="src\SourceRange.cpp">
      <Filter>Source Files</Filter>
    </ClCompile>
    <ClCompile Include="src\SymbolTable.cpp">
      <Filter>Source Files</Filter>
    </ClCompile>
    <ClCompile Include="src\TypeChecker.cpp">
      <Filter>Source Files</Filter>
    </ClCompile>
  </ItemGroup>
  <ItemGroup>
    <None Include="..\README.md" />
    <None Include="examples\functions.fe">
      <Filter>Examples</Filter>
    </None>
    <None Include="examples\operators.fe">
      <Filter>Examples</Filter>
    </None>
    <None Include="examples\scopes.fe">
      <Filter>Examples</Filter>
    </None>
    <None Include="examples\variables.fe">
      <Filter>Examples</Filter>
    </None>
  </ItemGroup>
</Project>